
Microsoft Visual Studio Solution File, Format Version 12.00
# Visual Studio 15
VisualStudioVersion = 15.0.28010.2016
MinimumVisualStudioVersion = 10.0.40219.1
Project("{FAE04EC0-301F-11D3-BF4B-00C04F79EFBC}") = "OpdractOne", "OpdractOne\OpdractOne.csproj", "{4A774515-1F96-4A19-B436-83DE02DFE3EC}"
EndProject
Global
	GlobalSection(SolutionConfigurationPlatforms) = preSolution
		Debug|Any CPU = Debug|Any CPU
		Release|Any CPU = Release|Any CPU
	EndGlobalSection
	GlobalSection(ProjectConfigurationPlatforms) = postSolution
		{4A774515-1F96-4A19-B436-83DE02DFE3EC}.Debug|Any CPU.ActiveCfg = Debug|Any CPU
		{4A774515-1F96-4A19-B436-83DE02DFE3EC}.Debug|Any CPU.Build.0 = Debug|Any CPU
		{4A774515-1F96-4A19-B436-83DE02DFE3EC}.Release|Any CPU.ActiveCfg = Release|Any CPU
		{4A774515-1F96-4A19-B436-83DE02DFE3EC}.Release|Any CPU.Build.0 = Release|Any CPU
	EndGlobalSection
	GlobalSection(SolutionProperties) = preSolution
		HideSolutionNode = FALSE
	EndGlobalSection
	GlobalSection(ExtensibilityGlobals) = postSolution
		SolutionGuid = {AA1C6652-FCC1-4B73-8BED-01A0D18225FA}
	EndGlobalSection
EndGlobal
