
Microsoft Visual Studio Solution File, Format Version 12.00
# Visual Studio 15
VisualStudioVersion = 15.0.28010.2016
MinimumVisualStudioVersion = 10.0.40219.1
Project("{FAE04EC0-301F-11D3-BF4B-00C04F79EFBC}") = "RekenMachiene", "RekenMachiene\RekenMachiene.csproj", "{A7021ECC-99F0-4E75-94FF-58ABB53D6BED}"
EndProject
Global
	GlobalSection(SolutionConfigurationPlatforms) = preSolution
		Debug|Any CPU = Debug|Any CPU
		Release|Any CPU = Release|Any CPU
	EndGlobalSection
	GlobalSection(ProjectConfigurationPlatforms) = postSolution
		{A7021ECC-99F0-4E75-94FF-58ABB53D6BED}.Debug|Any CPU.ActiveCfg = Debug|Any CPU
		{A7021ECC-99F0-4E75-94FF-58ABB53D6BED}.Debug|Any CPU.Build.0 = Debug|Any CPU
		{A7021ECC-99F0-4E75-94FF-58ABB53D6BED}.Release|Any CPU.ActiveCfg = Release|Any CPU
		{A7021ECC-99F0-4E75-94FF-58ABB53D6BED}.Release|Any CPU.Build.0 = Release|Any CPU
	EndGlobalSection
	GlobalSection(SolutionProperties) = preSolution
		HideSolutionNode = FALSE
	EndGlobalSection
	GlobalSection(ExtensibilityGlobals) = postSolution
		SolutionGuid = {E934945E-0B8A-48E5-939C-78B7AD040640}
	EndGlobalSection
EndGlobal
