
Microsoft Visual Studio Solution File, Format Version 12.00
# Visual Studio 15
VisualStudioVersion = 15.0.28307.168
MinimumVisualStudioVersion = 10.0.40219.1
Project("{FAE04EC0-301F-11D3-BF4B-00C04F79EFBC}") = "FakeVirusScanner", "FakeVirusScanner\FakeVirusScanner.csproj", "{2F9810AF-0B4A-4DCB-9336-F5FC6DA07B68}"
EndProject
Global
	GlobalSection(SolutionConfigurationPlatforms) = preSolution
		Debug|Any CPU = Debug|Any CPU
		Release|Any CPU = Release|Any CPU
	EndGlobalSection
	GlobalSection(ProjectConfigurationPlatforms) = postSolution
		{2F9810AF-0B4A-4DCB-9336-F5FC6DA07B68}.Debug|Any CPU.ActiveCfg = Debug|Any CPU
		{2F9810AF-0B4A-4DCB-9336-F5FC6DA07B68}.Debug|Any CPU.Build.0 = Debug|Any CPU
		{2F9810AF-0B4A-4DCB-9336-F5FC6DA07B68}.Release|Any CPU.ActiveCfg = Release|Any CPU
		{2F9810AF-0B4A-4DCB-9336-F5FC6DA07B68}.Release|Any CPU.Build.0 = Release|Any CPU
	EndGlobalSection
	GlobalSection(SolutionProperties) = preSolution
		HideSolutionNode = FALSE
	EndGlobalSection
	GlobalSection(ExtensibilityGlobals) = postSolution
		SolutionGuid = {3A8C58E2-4B2C-4CEF-939C-9B609EDC94F5}
	EndGlobalSection
EndGlobal
